
Microsoft Visual Studio Solution File, Format Version 12.00
# Visual Studio Version 16
VisualStudioVersion = 16.0.30011.22
MinimumVisualStudioVersion = 10.0.40219.1
Project("{FAE04EC0-301F-11D3-BF4B-00C04F79EFBC}") = "GC Lab 12 - Blorkbuster Movies", "GC Lab 12 - Blorkbuster Movies\GC Lab 12 - Blorkbuster Movies.csproj", "{FFA0FF58-9BFB-4924-AA41-2038213DCE3D}"
EndProject
Global
	GlobalSection(SolutionConfigurationPlatforms) = preSolution
		Debug|Any CPU = Debug|Any CPU
		Release|Any CPU = Release|Any CPU
	EndGlobalSection
	GlobalSection(ProjectConfigurationPlatforms) = postSolution
		{FFA0FF58-9BFB-4924-AA41-2038213DCE3D}.Debug|Any CPU.ActiveCfg = Debug|Any CPU
		{FFA0FF58-9BFB-4924-AA41-2038213DCE3D}.Debug|Any CPU.Build.0 = Debug|Any CPU
		{FFA0FF58-9BFB-4924-AA41-2038213DCE3D}.Release|Any CPU.ActiveCfg = Release|Any CPU
		{FFA0FF58-9BFB-4924-AA41-2038213DCE3D}.Release|Any CPU.Build.0 = Release|Any CPU
	EndGlobalSection
	GlobalSection(SolutionProperties) = preSolution
		HideSolutionNode = FALSE
	EndGlobalSection
	GlobalSection(ExtensibilityGlobals) = postSolution
		SolutionGuid = {40E0E1DB-18B7-4100-A019-72B70B9BE4DE}
	EndGlobalSection
EndGlobal
